
Microsoft Visual Studio Solution File, Format Version 12.00
# Visual Studio Version 16
VisualStudioVersion = 16.0.30611.23
MinimumVisualStudioVersion = 10.0.40219.1
Project("{9A19103F-16F7-4668-BE54-9A1E7A4F7556}") = "TestProjectReddit", "TestProjectReddit\TestProjectReddit.csproj", "{81F1C154-217C-4901-93FB-83E10527DEA5}"
EndProject
Project("{9A19103F-16F7-4668-BE54-9A1E7A4F7556}") = "TPR.DataAccess", "TPR.DataAccess\TPR.DataAccess.csproj", "{3DD99DE9-391A-4C69-A609-7FFAF2F309BF}"
EndProject
Project("{FAE04EC0-301F-11D3-BF4B-00C04F79EFBC}") = "TPR.Domain", "TPR.Domain\TPR.Domain.csproj", "{7CC51FC0-7908-434A-8F9C-6CE21BB74FD8}"
EndProject
Project("{FAE04EC0-301F-11D3-BF4B-00C04F79EFBC}") = "TPR.Dto", "TPR.Dto\TPR.Dto.csproj", "{97C08BEA-0CBB-4293-A582-8114F4152AF7}"
EndProject
Global
	GlobalSection(SolutionConfigurationPlatforms) = preSolution
		Debug|Any CPU = Debug|Any CPU
		Release|Any CPU = Release|Any CPU
	EndGlobalSection
	GlobalSection(ProjectConfigurationPlatforms) = postSolution
		{81F1C154-217C-4901-93FB-83E10527DEA5}.Debug|Any CPU.ActiveCfg = Debug|Any CPU
		{81F1C154-217C-4901-93FB-83E10527DEA5}.Debug|Any CPU.Build.0 = Debug|Any CPU
		{81F1C154-217C-4901-93FB-83E10527DEA5}.Release|Any CPU.ActiveCfg = Release|Any CPU
		{81F1C154-217C-4901-93FB-83E10527DEA5}.Release|Any CPU.Build.0 = Release|Any CPU
		{3DD99DE9-391A-4C69-A609-7FFAF2F309BF}.Debug|Any CPU.ActiveCfg = Debug|Any CPU
		{3DD99DE9-391A-4C69-A609-7FFAF2F309BF}.Debug|Any CPU.Build.0 = Debug|Any CPU
		{3DD99DE9-391A-4C69-A609-7FFAF2F309BF}.Release|Any CPU.ActiveCfg = Release|Any CPU
		{3DD99DE9-391A-4C69-A609-7FFAF2F309BF}.Release|Any CPU.Build.0 = Release|Any CPU
		{7CC51FC0-7908-434A-8F9C-6CE21BB74FD8}.Debug|Any CPU.ActiveCfg = Debug|Any CPU
		{7CC51FC0-7908-434A-8F9C-6CE21BB74FD8}.Debug|Any CPU.Build.0 = Debug|Any CPU
		{7CC51FC0-7908-434A-8F9C-6CE21BB74FD8}.Release|Any CPU.ActiveCfg = Release|Any CPU
		{7CC51FC0-7908-434A-8F9C-6CE21BB74FD8}.Release|Any CPU.Build.0 = Release|Any CPU
		{97C08BEA-0CBB-4293-A582-8114F4152AF7}.Debug|Any CPU.ActiveCfg = Debug|Any CPU
		{97C08BEA-0CBB-4293-A582-8114F4152AF7}.Debug|Any CPU.Build.0 = Debug|Any CPU
		{97C08BEA-0CBB-4293-A582-8114F4152AF7}.Release|Any CPU.ActiveCfg = Release|Any CPU
		{97C08BEA-0CBB-4293-A582-8114F4152AF7}.Release|Any CPU.Build.0 = Release|Any CPU
	EndGlobalSection
	GlobalSection(SolutionProperties) = preSolution
		HideSolutionNode = FALSE
	EndGlobalSection
	GlobalSection(ExtensibilityGlobals) = postSolution
		SolutionGuid = {28C3EF8E-D540-4A99-AD31-D46EB1591FF8}
	EndGlobalSection
EndGlobal
