
Microsoft Visual Studio Solution File, Format Version 12.00
# Visual Studio Version 16
VisualStudioVersion = 16.0.30611.23
MinimumVisualStudioVersion = 10.0.40219.1
Project("{FAE04EC0-301F-11D3-BF4B-00C04F79EFBC}") = "TestProjectReddit", "TestProjectReddit\TestProjectReddit.csproj", "{81F1C154-217C-4901-93FB-83E10527DEA5}"
EndProject
Global
	GlobalSection(SolutionConfigurationPlatforms) = preSolution
		Debug|Any CPU = Debug|Any CPU
		Release|Any CPU = Release|Any CPU
	EndGlobalSection
	GlobalSection(ProjectConfigurationPlatforms) = postSolution
		{81F1C154-217C-4901-93FB-83E10527DEA5}.Debug|Any CPU.ActiveCfg = Debug|Any CPU
		{81F1C154-217C-4901-93FB-83E10527DEA5}.Debug|Any CPU.Build.0 = Debug|Any CPU
		{81F1C154-217C-4901-93FB-83E10527DEA5}.Release|Any CPU.ActiveCfg = Release|Any CPU
		{81F1C154-217C-4901-93FB-83E10527DEA5}.Release|Any CPU.Build.0 = Release|Any CPU
	EndGlobalSection
	GlobalSection(SolutionProperties) = preSolution
		HideSolutionNode = FALSE
	EndGlobalSection
	GlobalSection(ExtensibilityGlobals) = postSolution
		SolutionGuid = {28C3EF8E-D540-4A99-AD31-D46EB1591FF8}
	EndGlobalSection
EndGlobal
